
Microsoft Visual Studio Solution File, Format Version 12.00
# Visual Studio 15
VisualStudioVersion = 15.0.26124.0
MinimumVisualStudioVersion = 15.0.26124.0
Project("{FAE04EC0-301F-11D3-BF4B-00C04F79EFBC}") = "Ordenamiento", "Ordenamiento\Ordenamiento.csproj", "{38801163-D13D-4AE1-8924-D1927C2EC49B}"
EndProject
Project("{FAE04EC0-301F-11D3-BF4B-00C04F79EFBC}") = "Ordenamiento.Pruebas", "Ordenamiento.Pruebas\Ordenamiento.Pruebas.csproj", "{1A763440-AE0A-48A7-94C3-AF9AB451AABE}"
EndProject
Global
	GlobalSection(SolutionConfigurationPlatforms) = preSolution
		Debug|Any CPU = Debug|Any CPU
		Debug|x64 = Debug|x64
		Debug|x86 = Debug|x86
		Release|Any CPU = Release|Any CPU
		Release|x64 = Release|x64
		Release|x86 = Release|x86
	EndGlobalSection
	GlobalSection(SolutionProperties) = preSolution
		HideSolutionNode = FALSE
	EndGlobalSection
	GlobalSection(ProjectConfigurationPlatforms) = postSolution
		{38801163-D13D-4AE1-8924-D1927C2EC49B}.Debug|Any CPU.ActiveCfg = Debug|Any CPU
		{38801163-D13D-4AE1-8924-D1927C2EC49B}.Debug|Any CPU.Build.0 = Debug|Any CPU
		{38801163-D13D-4AE1-8924-D1927C2EC49B}.Debug|x64.ActiveCfg = Debug|Any CPU
		{38801163-D13D-4AE1-8924-D1927C2EC49B}.Debug|x64.Build.0 = Debug|Any CPU
		{38801163-D13D-4AE1-8924-D1927C2EC49B}.Debug|x86.ActiveCfg = Debug|Any CPU
		{38801163-D13D-4AE1-8924-D1927C2EC49B}.Debug|x86.Build.0 = Debug|Any CPU
		{38801163-D13D-4AE1-8924-D1927C2EC49B}.Release|Any CPU.ActiveCfg = Release|Any CPU
		{38801163-D13D-4AE1-8924-D1927C2EC49B}.Release|Any CPU.Build.0 = Release|Any CPU
		{38801163-D13D-4AE1-8924-D1927C2EC49B}.Release|x64.ActiveCfg = Release|Any CPU
		{38801163-D13D-4AE1-8924-D1927C2EC49B}.Release|x64.Build.0 = Release|Any CPU
		{38801163-D13D-4AE1-8924-D1927C2EC49B}.Release|x86.ActiveCfg = Release|Any CPU
		{38801163-D13D-4AE1-8924-D1927C2EC49B}.Release|x86.Build.0 = Release|Any CPU
		{1A763440-AE0A-48A7-94C3-AF9AB451AABE}.Debug|Any CPU.ActiveCfg = Debug|Any CPU
		{1A763440-AE0A-48A7-94C3-AF9AB451AABE}.Debug|Any CPU.Build.0 = Debug|Any CPU
		{1A763440-AE0A-48A7-94C3-AF9AB451AABE}.Debug|x64.ActiveCfg = Debug|Any CPU
		{1A763440-AE0A-48A7-94C3-AF9AB451AABE}.Debug|x64.Build.0 = Debug|Any CPU
		{1A763440-AE0A-48A7-94C3-AF9AB451AABE}.Debug|x86.ActiveCfg = Debug|Any CPU
		{1A763440-AE0A-48A7-94C3-AF9AB451AABE}.Debug|x86.Build.0 = Debug|Any CPU
		{1A763440-AE0A-48A7-94C3-AF9AB451AABE}.Release|Any CPU.ActiveCfg = Release|Any CPU
		{1A763440-AE0A-48A7-94C3-AF9AB451AABE}.Release|Any CPU.Build.0 = Release|Any CPU
		{1A763440-AE0A-48A7-94C3-AF9AB451AABE}.Release|x64.ActiveCfg = Release|Any CPU
		{1A763440-AE0A-48A7-94C3-AF9AB451AABE}.Release|x64.Build.0 = Release|Any CPU
		{1A763440-AE0A-48A7-94C3-AF9AB451AABE}.Release|x86.ActiveCfg = Release|Any CPU
		{1A763440-AE0A-48A7-94C3-AF9AB451AABE}.Release|x86.Build.0 = Release|Any CPU
	EndGlobalSection
EndGlobal
